
Microsoft Visual Studio Solution File, Format Version 12.00
# Visual Studio Version 16
VisualStudioVersion = 16.0.30804.86
MinimumVisualStudioVersion = 10.0.40219.1
Project("{9A19103F-16F7-4668-BE54-9A1E7A4F7556}") = "Eurofficetest", "Eurofficetest\Eurofficetest.csproj", "{F3A0A240-5311-4781-9ADF-5850670C25CC}"
EndProject
Project("{FAE04EC0-301F-11D3-BF4B-00C04F79EFBC}") = "CatAPIUnitTests", "CatAPIUnitTests\CatAPIUnitTests.csproj", "{B2CB5032-286B-4384-A021-8BE0CE5F8E7C}"
EndProject
Global
	GlobalSection(SolutionConfigurationPlatforms) = preSolution
		Debug|Any CPU = Debug|Any CPU
		Release|Any CPU = Release|Any CPU
	EndGlobalSection
	GlobalSection(ProjectConfigurationPlatforms) = postSolution
		{F3A0A240-5311-4781-9ADF-5850670C25CC}.Debug|Any CPU.ActiveCfg = Debug|Any CPU
		{F3A0A240-5311-4781-9ADF-5850670C25CC}.Debug|Any CPU.Build.0 = Debug|Any CPU
		{F3A0A240-5311-4781-9ADF-5850670C25CC}.Release|Any CPU.ActiveCfg = Release|Any CPU
		{F3A0A240-5311-4781-9ADF-5850670C25CC}.Release|Any CPU.Build.0 = Release|Any CPU
		{B2CB5032-286B-4384-A021-8BE0CE5F8E7C}.Debug|Any CPU.ActiveCfg = Debug|Any CPU
		{B2CB5032-286B-4384-A021-8BE0CE5F8E7C}.Debug|Any CPU.Build.0 = Debug|Any CPU
		{B2CB5032-286B-4384-A021-8BE0CE5F8E7C}.Release|Any CPU.ActiveCfg = Release|Any CPU
		{B2CB5032-286B-4384-A021-8BE0CE5F8E7C}.Release|Any CPU.Build.0 = Release|Any CPU
	EndGlobalSection
	GlobalSection(SolutionProperties) = preSolution
		HideSolutionNode = FALSE
	EndGlobalSection
	GlobalSection(ExtensibilityGlobals) = postSolution
		SolutionGuid = {6DF781DC-A9EE-4FF9-AE48-0EE7BFA6F7E5}
	EndGlobalSection
EndGlobal
